# THIS IS AN AUTOGENERATED FILE. DO NOT EDIT THIS FILE DIRECTLY.
# yarn lockfile v1


"@remix-run/router@1.0.0":
  version "1.0.0"
  resolved "https://registry.yarnpkg.com/@remix-run/router/-/router-1.0.0.tgz#a2189335a5f6428aa904ccc291988567018b6e01"
  integrity sha512-SCR1cxRSMNKjaVYptCzBApPDqGwa3FGdjVHc+rOToocNPHQdIYLZBfv/3f+KvYuXDkUGVIW9IAzmPNZDRL1I4A==

react-router-dom@^6.4.0:
  version "6.4.0"
  resolved "https://registry.yarnpkg.com/react-router-dom/-/react-router-dom-6.4.0.tgz#a7d7c394c9e730b045cdd4f5d6c2d1ccb9e26947"
  integrity sha512-4Aw1xmXKeleYYQ3x0Lcl2undHR6yMjXZjd9DKZd53SGOYqirrUThyUb0wwAX5VZAyvSuzjNJmZlJ3rR9+/vzqg==
  dependencies:
    react-router "6.4.0"

react-router@6.4.0:
  version "6.4.0"
  resolved "https://registry.yarnpkg.com/react-router/-/react-router-6.4.0.tgz#68449c23dc893fc7a57db068c19987be1de72edb"
  integrity sha512-B+5bEXFlgR1XUdHYR6P94g299SjrfCBMmEDJNcFbpAyRH1j1748yt9NdDhW3++nw1lk3zQJ6aOO66zUx3KlTZg==
  dependencies:
    "@remix-run/router" "1.0.0"
